
Microsoft Visual Studio Solution File, Format Version 11.00
# Visual Studio 2010
Project("{FAE04EC0-301F-11D3-BF4B-00C04F79EFBC}") = "sukchr", "sukchr\sukchr.csproj", "{39E26D04-08B5-419B-960F-9E32AB6F80DE}"
EndProject
Project("{FAE04EC0-301F-11D3-BF4B-00C04F79EFBC}") = "sukchr.Tests", "sukchr.Tests\sukchr.Tests.csproj", "{B5F52ADA-CB43-4E96-9DBB-6DD67CAECFC5}"
EndProject
Global
	GlobalSection(SolutionConfigurationPlatforms) = preSolution
		Debug|Any CPU = Debug|Any CPU
		Release|Any CPU = Release|Any CPU
	EndGlobalSection
	GlobalSection(ProjectConfigurationPlatforms) = postSolution
		{39E26D04-08B5-419B-960F-9E32AB6F80DE}.Debug|Any CPU.ActiveCfg = Debug|Any CPU
		{39E26D04-08B5-419B-960F-9E32AB6F80DE}.Debug|Any CPU.Build.0 = Debug|Any CPU
		{39E26D04-08B5-419B-960F-9E32AB6F80DE}.Release|Any CPU.ActiveCfg = Release|Any CPU
		{39E26D04-08B5-419B-960F-9E32AB6F80DE}.Release|Any CPU.Build.0 = Release|Any CPU
		{B5F52ADA-CB43-4E96-9DBB-6DD67CAECFC5}.Debug|Any CPU.ActiveCfg = Debug|Any CPU
		{B5F52ADA-CB43-4E96-9DBB-6DD67CAECFC5}.Debug|Any CPU.Build.0 = Debug|Any CPU
		{B5F52ADA-CB43-4E96-9DBB-6DD67CAECFC5}.Release|Any CPU.ActiveCfg = Release|Any CPU
		{B5F52ADA-CB43-4E96-9DBB-6DD67CAECFC5}.Release|Any CPU.Build.0 = Release|Any CPU
	EndGlobalSection
	GlobalSection(SolutionProperties) = preSolution
		HideSolutionNode = FALSE
	EndGlobalSection
EndGlobal
